// !$*UTF8*$!
{
	archiveVersion = 1;
	classes = {
	};
	objectVersion = 46;
	objects = {

/* Begin PBXBuildFile section */
		EF1671581BF3AC0A00E38E86 /* SnapUITests.m in Sources */ = {isa = PBXBuildFile; fileRef = EF1671571BF3AC0A00E38E86 /* SnapUITests.m */; };
		EF1671711BF3AFA200E38E86 /* Assets.xcassets in Resources */ = {isa = PBXBuildFile; fileRef = EF1671671BF3AFA200E38E86 /* Assets.xcassets */; settings = {ASSET_TAGS = (); }; };
		EF1671721BF3AFA200E38E86 /* AppDelegate.m in Sources */ = {isa = PBXBuildFile; fileRef = EF16716C1BF3AFA200E38E86 /* AppDelegate.m */; settings = {ASSET_TAGS = (); }; };
		EF1671741BF3AFA200E38E86 /* main.m in Sources */ = {isa = PBXBuildFile; fileRef = EF1671701BF3AFA200E38E86 /* main.m */; settings = {ASSET_TAGS = (); }; };
		EF1671821BF3C13400E38E86 /* card-layouts.txt in Resources */ = {isa = PBXBuildFile; fileRef = EF1671811BF3C13400E38E86 /* card-layouts.txt */; settings = {ASSET_TAGS = (); }; };
		EF1671831BF3C13400E38E86 /* card-layouts.txt in Resources */ = {isa = PBXBuildFile; fileRef = EF1671811BF3C13400E38E86 /* card-layouts.txt */; settings = {ASSET_TAGS = (); }; };
		EF1671841BF3C13400E38E86 /* card-layouts.txt in Resources */ = {isa = PBXBuildFile; fileRef = EF1671811BF3C13400E38E86 /* card-layouts.txt */; settings = {ASSET_TAGS = (); }; };
		EF16718C1BF3C28300E38E86 /* CardTests.swift in Sources */ = {isa = PBXBuildFile; fileRef = EF16718B1BF3C28300E38E86 /* CardTests.swift */; settings = {ASSET_TAGS = (); }; };
		EF1671941BF3CD7500E38E86 /* DeckTests.swift in Sources */ = {isa = PBXBuildFile; fileRef = EF1671931BF3CD7500E38E86 /* DeckTests.swift */; settings = {ASSET_TAGS = (); }; };
		EF1671991BF3CE5500E38E86 /* Card.m in Sources */ = {isa = PBXBuildFile; fileRef = EF1671971BF3CE5500E38E86 /* Card.m */; settings = {ASSET_TAGS = (); }; };
		EF16719A1BF3CE5500E38E86 /* Card.m in Sources */ = {isa = PBXBuildFile; fileRef = EF1671971BF3CE5500E38E86 /* Card.m */; settings = {ASSET_TAGS = (); }; };
		EF16719D1BF3CE7A00E38E86 /* Deck.m in Sources */ = {isa = PBXBuildFile; fileRef = EF16719C1BF3CE7A00E38E86 /* Deck.m */; settings = {ASSET_TAGS = (); }; };
		EF16719E1BF3CE7A00E38E86 /* Deck.m in Sources */ = {isa = PBXBuildFile; fileRef = EF16719C1BF3CE7A00E38E86 /* Deck.m */; settings = {ASSET_TAGS = (); }; };
		EF1671A21BF3D82700E38E86 /* CardView.swift in Sources */ = {isa = PBXBuildFile; fileRef = EF1671A11BF3D82700E38E86 /* CardView.swift */; settings = {ASSET_TAGS = (); }; };
/* End PBXBuildFile section */

/* Begin PBXContainerItemProxy section */
		EF1671491BF3AC0A00E38E86 /* PBXContainerItemProxy */ = {
			isa = PBXContainerItemProxy;
			containerPortal = EF1671271BF3AC0900E38E86 /* Project object */;
			proxyType = 1;
			remoteGlobalIDString = EF16712E1BF3AC0900E38E86;
			remoteInfo = Snap;
		};
		EF1671541BF3AC0A00E38E86 /* PBXContainerItemProxy */ = {
			isa = PBXContainerItemProxy;
			containerPortal = EF1671271BF3AC0900E38E86 /* Project object */;
			proxyType = 1;
			remoteGlobalIDString = EF16712E1BF3AC0900E38E86;
			remoteInfo = Snap;
		};
/* End PBXContainerItemProxy section */

/* Begin PBXFileReference section */
		EF16712F1BF3AC0900E38E86 /* Snap.app */ = {isa = PBXFileReference; explicitFileType = wrapper.application; includeInIndex = 0; path = Snap.app; sourceTree = BUILT_PRODUCTS_DIR; };
		EF1671481BF3AC0A00E38E86 /* SnapTests.xctest */ = {isa = PBXFileReference; explicitFileType = wrapper.cfbundle; includeInIndex = 0; path = SnapTests.xctest; sourceTree = BUILT_PRODUCTS_DIR; };
		EF1671531BF3AC0A00E38E86 /* SnapUITests.xctest */ = {isa = PBXFileReference; explicitFileType = wrapper.cfbundle; includeInIndex = 0; path = SnapUITests.xctest; sourceTree = BUILT_PRODUCTS_DIR; };
		EF1671571BF3AC0A00E38E86 /* SnapUITests.m */ = {isa = PBXFileReference; lastKnownFileType = sourcecode.c.objc; path = SnapUITests.m; sourceTree = "<group>"; };
		EF1671591BF3AC0A00E38E86 /* Info.plist */ = {isa = PBXFileReference; lastKnownFileType = text.plist.xml; path = Info.plist; sourceTree = "<group>"; };
		EF1671671BF3AFA200E38E86 /* Assets.xcassets */ = {isa = PBXFileReference; lastKnownFileType = folder.assetcatalog; path = Assets.xcassets; sourceTree = "<group>"; };
		EF16716B1BF3AFA200E38E86 /* AppDelegate.h */ = {isa = PBXFileReference; fileEncoding = 4; lastKnownFileType = sourcecode.c.h; path = AppDelegate.h; sourceTree = "<group>"; };
		EF16716C1BF3AFA200E38E86 /* AppDelegate.m */ = {isa = PBXFileReference; fileEncoding = 4; lastKnownFileType = sourcecode.c.objc; path = AppDelegate.m; sourceTree = "<group>"; };
		EF16716F1BF3AFA200E38E86 /* Info.plist */ = {isa = PBXFileReference; fileEncoding = 4; lastKnownFileType = text.plist.xml; path = Info.plist; sourceTree = "<group>"; };
		EF1671701BF3AFA200E38E86 /* main.m */ = {isa = PBXFileReference; fileEncoding = 4; lastKnownFileType = sourcecode.c.objc; path = main.m; sourceTree = "<group>"; };
		EF16717E1BF3B11400E38E86 /* Snap-Bridging-Header.h */ = {isa = PBXFileReference; fileEncoding = 4; lastKnownFileType = sourcecode.c.h; path = "Snap-Bridging-Header.h"; sourceTree = "<group>"; };
		EF1671811BF3C13400E38E86 /* card-layouts.txt */ = {isa = PBXFileReference; fileEncoding = 4; lastKnownFileType = text; path = "card-layouts.txt"; sourceTree = "<group>"; };
		EF16718B1BF3C28300E38E86 /* CardTests.swift */ = {isa = PBXFileReference; fileEncoding = 4; lastKnownFileType = sourcecode.swift; path = CardTests.swift; sourceTree = "<group>"; };
		EF16718E1BF3C2C000E38E86 /* Info.plist */ = {isa = PBXFileReference; fileEncoding = 4; lastKnownFileType = text.plist.xml; path = Info.plist; sourceTree = "<group>"; };
		EF1671901BF3C30F00E38E86 /* Snap-Tests-Bridging-Header.h */ = {isa = PBXFileReference; lastKnownFileType = sourcecode.c.h; path = "Snap-Tests-Bridging-Header.h"; sourceTree = "<group>"; };
		EF1671931BF3CD7500E38E86 /* DeckTests.swift */ = {isa = PBXFileReference; fileEncoding = 4; lastKnownFileType = sourcecode.swift; path = DeckTests.swift; sourceTree = "<group>"; };
		EF1671961BF3CE5500E38E86 /* Card.h */ = {isa = PBXFileReference; fileEncoding = 4; lastKnownFileType = sourcecode.c.h; path = Card.h; sourceTree = "<group>"; };
		EF1671971BF3CE5500E38E86 /* Card.m */ = {isa = PBXFileReference; fileEncoding = 4; lastKnownFileType = sourcecode.c.objc; path = Card.m; sourceTree = "<group>"; };
		EF16719B1BF3CE7A00E38E86 /* Deck.h */ = {isa = PBXFileReference; fileEncoding = 4; lastKnownFileType = sourcecode.c.h; path = Deck.h; sourceTree = "<group>"; };
		EF16719C1BF3CE7A00E38E86 /* Deck.m */ = {isa = PBXFileReference; fileEncoding = 4; lastKnownFileType = sourcecode.c.objc; path = Deck.m; sourceTree = "<group>"; };
		EF1671A11BF3D82700E38E86 /* CardView.swift */ = {isa = PBXFileReference; fileEncoding = 4; lastKnownFileType = sourcecode.swift; path = CardView.swift; sourceTree = "<group>"; };
/* End PBXFileReference section */

/* Begin PBXFrameworksBuildPhase section */
		EF16712C1BF3AC0900E38E86 /* Frameworks */ = {
			isa = PBXFrameworksBuildPhase;
			buildActionMask = 2147483647;
			files = (
			);
			runOnlyForDeploymentPostprocessing = 0;
		};
		EF1671451BF3AC0A00E38E86 /* Frameworks */ = {
			isa = PBXFrameworksBuildPhase;
			buildActionMask = 2147483647;
			files = (
			);
			runOnlyForDeploymentPostprocessing = 0;
		};
		EF1671501BF3AC0A00E38E86 /* Frameworks */ = {
			isa = PBXFrameworksBuildPhase;
			buildActionMask = 2147483647;
			files = (
			);
			runOnlyForDeploymentPostprocessing = 0;
		};
/* End PBXFrameworksBuildPhase section */

/* Begin PBXGroup section */
		EF1671261BF3AC0900E38E86 = {
			isa = PBXGroup;
			children = (
				EF1671311BF3AC0900E38E86 /* Snap */,
				EF16714B1BF3AC0A00E38E86 /* SnapTests */,
				EF1671561BF3AC0A00E38E86 /* SnapUITests */,
				EF1671301BF3AC0900E38E86 /* Products */,
			);
			sourceTree = "<group>";
		};
		EF1671301BF3AC0900E38E86 /* Products */ = {
			isa = PBXGroup;
			children = (
				EF16712F1BF3AC0900E38E86 /* Snap.app */,
				EF1671481BF3AC0A00E38E86 /* SnapTests.xctest */,
				EF1671531BF3AC0A00E38E86 /* SnapUITests.xctest */,
			);
			name = Products;
			sourceTree = "<group>";
		};
		EF1671311BF3AC0900E38E86 /* Snap */ = {
			isa = PBXGroup;
			children = (
				EF1671661BF3AFA200E38E86 /* Assets */,
				EF1671681BF3AFA200E38E86 /* Source */,
				EF16716D1BF3AFA200E38E86 /* Supporting Files */,
			);
			path = Snap;
			sourceTree = "<group>";
		};
		EF16714B1BF3AC0A00E38E86 /* SnapTests */ = {
			isa = PBXGroup;
			children = (
				EF16718D1BF3C2C000E38E86 /* Supporting Files */,
				EF16718B1BF3C28300E38E86 /* CardTests.swift */,
				EF1671931BF3CD7500E38E86 /* DeckTests.swift */,
			);
			path = SnapTests;
			sourceTree = "<group>";
		};
		EF1671561BF3AC0A00E38E86 /* SnapUITests */ = {
			isa = PBXGroup;
			children = (
				EF1671571BF3AC0A00E38E86 /* SnapUITests.m */,
				EF1671591BF3AC0A00E38E86 /* Info.plist */,
			);
			path = SnapUITests;
			sourceTree = "<group>";
		};
		EF1671661BF3AFA200E38E86 /* Assets */ = {
			isa = PBXGroup;
			children = (
				EF1671811BF3C13400E38E86 /* card-layouts.txt */,
				EF1671671BF3AFA200E38E86 /* Assets.xcassets */,
			);
			path = Assets;
			sourceTree = "<group>";
		};
		EF1671681BF3AFA200E38E86 /* Source */ = {
			isa = PBXGroup;
			children = (
				EF1671691BF3AFA200E38E86 /* Core */,
				EF1671851BF3C21E00E38E86 /* Game */,
			);
			path = Source;
			sourceTree = "<group>";
		};
		EF1671691BF3AFA200E38E86 /* Core */ = {
			isa = PBXGroup;
			children = (
				EF16716A1BF3AFA200E38E86 /* App Delegate */,
			);
			path = Core;
			sourceTree = "<group>";
		};
		EF16716A1BF3AFA200E38E86 /* App Delegate */ = {
			isa = PBXGroup;
			children = (
				EF16716B1BF3AFA200E38E86 /* AppDelegate.h */,
				EF16716C1BF3AFA200E38E86 /* AppDelegate.m */,
			);
			path = "App Delegate";
			sourceTree = "<group>";
		};
		EF16716D1BF3AFA200E38E86 /* Supporting Files */ = {
			isa = PBXGroup;
			children = (
				EF16717D1BF3B11400E38E86 /* Bridging */,
				EF16716E1BF3AFA200E38E86 /* Configuration */,
				EF1671701BF3AFA200E38E86 /* main.m */,
			);
			path = "Supporting Files";
			sourceTree = "<group>";
		};
		EF16716E1BF3AFA200E38E86 /* Configuration */ = {
			isa = PBXGroup;
			children = (
				EF16716F1BF3AFA200E38E86 /* Info.plist */,
			);
			path = Configuration;
			sourceTree = "<group>";
		};
		EF16717D1BF3B11400E38E86 /* Bridging */ = {
			isa = PBXGroup;
			children = (
				EF16717E1BF3B11400E38E86 /* Snap-Bridging-Header.h */,
			);
			path = Bridging;
			sourceTree = "<group>";
		};
		EF1671851BF3C21E00E38E86 /* Game */ = {
			isa = PBXGroup;
			children = (
				EF16719F1BF3D7E500E38E86 /* Views */,
				EF1671861BF3C21E00E38E86 /* Models */,
			);
			path = Game;
			sourceTree = "<group>";
		};
		EF1671861BF3C21E00E38E86 /* Models */ = {
			isa = PBXGroup;
			children = (
				EF1671951BF3CE5500E38E86 /* Card */,
				EF1671981BF3CE5500E38E86 /* Deck */,
			);
			path = Models;
			sourceTree = "<group>";
		};
		EF16718D1BF3C2C000E38E86 /* Supporting Files */ = {
			isa = PBXGroup;
			children = (
				EF16718E1BF3C2C000E38E86 /* Info.plist */,
				EF1671901BF3C30F00E38E86 /* Snap-Tests-Bridging-Header.h */,
			);
			path = "Supporting Files";
			sourceTree = "<group>";
		};
		EF1671951BF3CE5500E38E86 /* Card */ = {
			isa = PBXGroup;
			children = (
				EF1671961BF3CE5500E38E86 /* Card.h */,
				EF1671971BF3CE5500E38E86 /* Card.m */,
			);
			path = Card;
			sourceTree = "<group>";
		};
		EF1671981BF3CE5500E38E86 /* Deck */ = {
			isa = PBXGroup;
			children = (
				EF16719B1BF3CE7A00E38E86 /* Deck.h */,
				EF16719C1BF3CE7A00E38E86 /* Deck.m */,
			);
			path = Deck;
			sourceTree = "<group>";
		};
		EF16719F1BF3D7E500E38E86 /* Views */ = {
			isa = PBXGroup;
			children = (
				EF1671A01BF3D81300E38E86 /* Card */,
			);
			path = Views;
			sourceTree = "<group>";
		};
		EF1671A01BF3D81300E38E86 /* Card */ = {
			isa = PBXGroup;
			children = (
				EF1671A11BF3D82700E38E86 /* CardView.swift */,
			);
			path = Card;
			sourceTree = "<group>";
		};
/* End PBXGroup section */

/* Begin PBXNativeTarget section */
		EF16712E1BF3AC0900E38E86 /* Snap */ = {
			isa = PBXNativeTarget;
			buildConfigurationList = EF16715C1BF3AC0A00E38E86 /* Build configuration list for PBXNativeTarget "Snap" */;
			buildPhases = (
				EF16712B1BF3AC0900E38E86 /* Sources */,
				EF16712C1BF3AC0900E38E86 /* Frameworks */,
				EF16712D1BF3AC0900E38E86 /* Resources */,
			);
			buildRules = (
			);
			dependencies = (
			);
			name = Snap;
			productName = Snap;
			productReference = EF16712F1BF3AC0900E38E86 /* Snap.app */;
			productType = "com.apple.product-type.application";
		};
		EF1671471BF3AC0A00E38E86 /* SnapTests */ = {
			isa = PBXNativeTarget;
			buildConfigurationList = EF16715F1BF3AC0A00E38E86 /* Build configuration list for PBXNativeTarget "SnapTests" */;
			buildPhases = (
				EF1671441BF3AC0A00E38E86 /* Sources */,
				EF1671451BF3AC0A00E38E86 /* Frameworks */,
				EF1671461BF3AC0A00E38E86 /* Resources */,
			);
			buildRules = (
			);
			dependencies = (
				EF16714A1BF3AC0A00E38E86 /* PBXTargetDependency */,
			);
			name = SnapTests;
			productName = SnapTests;
			productReference = EF1671481BF3AC0A00E38E86 /* SnapTests.xctest */;
			productType = "com.apple.product-type.bundle.unit-test";
		};
		EF1671521BF3AC0A00E38E86 /* SnapUITests */ = {
			isa = PBXNativeTarget;
			buildConfigurationList = EF1671621BF3AC0A00E38E86 /* Build configuration list for PBXNativeTarget "SnapUITests" */;
			buildPhases = (
				EF16714F1BF3AC0A00E38E86 /* Sources */,
				EF1671501BF3AC0A00E38E86 /* Frameworks */,
				EF1671511BF3AC0A00E38E86 /* Resources */,
			);
			buildRules = (
			);
			dependencies = (
				EF1671551BF3AC0A00E38E86 /* PBXTargetDependency */,
			);
			name = SnapUITests;
			productName = SnapUITests;
			productReference = EF1671531BF3AC0A00E38E86 /* SnapUITests.xctest */;
			productType = "com.apple.product-type.bundle.ui-testing";
		};
/* End PBXNativeTarget section */

/* Begin PBXProject section */
		EF1671271BF3AC0900E38E86 /* Project object */ = {
			isa = PBXProject;
			attributes = {
				LastSwiftUpdateCheck = 0700;
				LastUpgradeCheck = 0700;
				ORGANIZATIONNAME = "Just Joey";
				TargetAttributes = {
					EF16712E1BF3AC0900E38E86 = {
						CreatedOnToolsVersion = 7.0.1;
					};
					EF1671471BF3AC0A00E38E86 = {
						CreatedOnToolsVersion = 7.0.1;
						TestTargetID = EF16712E1BF3AC0900E38E86;
					};
					EF1671521BF3AC0A00E38E86 = {
						CreatedOnToolsVersion = 7.0.1;
						TestTargetID = EF16712E1BF3AC0900E38E86;
					};
				};
			};
			buildConfigurationList = EF16712A1BF3AC0900E38E86 /* Build configuration list for PBXProject "Snap" */;
			compatibilityVersion = "Xcode 3.2";
			developmentRegion = English;
			hasScannedForEncodings = 0;
			knownRegions = (
				en,
				Base,
			);
			mainGroup = EF1671261BF3AC0900E38E86;
			productRefGroup = EF1671301BF3AC0900E38E86 /* Products */;
			projectDirPath = "";
			projectRoot = "";
			targets = (
				EF16712E1BF3AC0900E38E86 /* Snap */,
				EF1671471BF3AC0A00E38E86 /* SnapTests */,
				EF1671521BF3AC0A00E38E86 /* SnapUITests */,
			);
		};
/* End PBXProject section */

/* Begin PBXResourcesBuildPhase section */
		EF16712D1BF3AC0900E38E86 /* Resources */ = {
			isa = PBXResourcesBuildPhase;
			buildActionMask = 2147483647;
			files = (
				EF1671821BF3C13400E38E86 /* card-layouts.txt in Resources */,
				EF1671711BF3AFA200E38E86 /* Assets.xcassets in Resources */,
			);
			runOnlyForDeploymentPostprocessing = 0;
		};
		EF1671461BF3AC0A00E38E86 /* Resources */ = {
			isa = PBXResourcesBuildPhase;
			buildActionMask = 2147483647;
			files = (
				EF1671831BF3C13400E38E86 /* card-layouts.txt in Resources */,
			);
			runOnlyForDeploymentPostprocessing = 0;
		};
		EF1671511BF3AC0A00E38E86 /* Resources */ = {
			isa = PBXResourcesBuildPhase;
			buildActionMask = 2147483647;
			files = (
				EF1671841BF3C13400E38E86 /* card-layouts.txt in Resources */,
			);
			runOnlyForDeploymentPostprocessing = 0;
		};
/* End PBXResourcesBuildPhase section */

/* Begin PBXSourcesBuildPhase section */
		EF16712B1BF3AC0900E38E86 /* Sources */ = {
			isa = PBXSourcesBuildPhase;
			buildActionMask = 2147483647;
			files = (
				EF16719D1BF3CE7A00E38E86 /* Deck.m in Sources */,
				EF1671741BF3AFA200E38E86 /* main.m in Sources */,
				EF1671721BF3AFA200E38E86 /* AppDelegate.m in Sources */,
				EF1671991BF3CE5500E38E86 /* Card.m in Sources */,
				EF1671A21BF3D82700E38E86 /* CardView.swift in Sources */,
			);
			runOnlyForDeploymentPostprocessing = 0;
		};
		EF1671441BF3AC0A00E38E86 /* Sources */ = {
			isa = PBXSourcesBuildPhase;
			buildActionMask = 2147483647;
			files = (
				EF16719E1BF3CE7A00E38E86 /* Deck.m in Sources */,
				EF1671941BF3CD7500E38E86 /* DeckTests.swift in Sources */,
				EF16718C1BF3C28300E38E86 /* CardTests.swift in Sources */,
				EF16719A1BF3CE5500E38E86 /* Card.m in Sources */,
			);
			runOnlyForDeploymentPostprocessing = 0;
		};
		EF16714F1BF3AC0A00E38E86 /* Sources */ = {
			isa = PBXSourcesBuildPhase;
			buildActionMask = 2147483647;
			files = (
				EF1671581BF3AC0A00E38E86 /* SnapUITests.m in Sources */,
			);
			runOnlyForDeploymentPostprocessing = 0;
		};
/* End PBXSourcesBuildPhase section */

/* Begin PBXTargetDependency section */
		EF16714A1BF3AC0A00E38E86 /* PBXTargetDependency */ = {
			isa = PBXTargetDependency;
			target = EF16712E1BF3AC0900E38E86 /* Snap */;
			targetProxy = EF1671491BF3AC0A00E38E86 /* PBXContainerItemProxy */;
		};
		EF1671551BF3AC0A00E38E86 /* PBXTargetDependency */ = {
			isa = PBXTargetDependency;
			target = EF16712E1BF3AC0900E38E86 /* Snap */;
			targetProxy = EF1671541BF3AC0A00E38E86 /* PBXContainerItemProxy */;
		};
/* End PBXTargetDependency section */

/* Begin XCBuildConfiguration section */
		EF16715A1BF3AC0A00E38E86 /* Debug */ = {
			isa = XCBuildConfiguration;
			buildSettings = {
				ALWAYS_SEARCH_USER_PATHS = NO;
				CLANG_CXX_LANGUAGE_STANDARD = "gnu++0x";
				CLANG_CXX_LIBRARY = "libc++";
				CLANG_ENABLE_MODULES = YES;
				CLANG_ENABLE_OBJC_ARC = YES;
				CLANG_WARN_BOOL_CONVERSION = YES;
				CLANG_WARN_CONSTANT_CONVERSION = YES;
				CLANG_WARN_DIRECT_OBJC_ISA_USAGE = YES_ERROR;
				CLANG_WARN_EMPTY_BODY = YES;
				CLANG_WARN_ENUM_CONVERSION = YES;
				CLANG_WARN_INT_CONVERSION = YES;
				CLANG_WARN_OBJC_ROOT_CLASS = YES_ERROR;
				CLANG_WARN_UNREACHABLE_CODE = YES;
				CLANG_WARN__DUPLICATE_METHOD_MATCH = YES;
				"CODE_SIGN_IDENTITY[sdk=iphoneos*]" = "iPhone Developer";
				COPY_PHASE_STRIP = NO;
				DEBUG_INFORMATION_FORMAT = dwarf;
				ENABLE_STRICT_OBJC_MSGSEND = YES;
				ENABLE_TESTABILITY = YES;
				GCC_C_LANGUAGE_STANDARD = gnu99;
				GCC_DYNAMIC_NO_PIC = NO;
				GCC_NO_COMMON_BLOCKS = YES;
				GCC_OPTIMIZATION_LEVEL = 0;
				GCC_PREPROCESSOR_DEFINITIONS = (
					"DEBUG=1",
					"$(inherited)",
				);
				GCC_WARN_64_TO_32_BIT_CONVERSION = YES;
				GCC_WARN_ABOUT_RETURN_TYPE = YES_ERROR;
				GCC_WARN_UNDECLARED_SELECTOR = YES;
				GCC_WARN_UNINITIALIZED_AUTOS = YES_AGGRESSIVE;
				GCC_WARN_UNUSED_FUNCTION = YES;
				GCC_WARN_UNUSED_VARIABLE = YES;
				IPHONEOS_DEPLOYMENT_TARGET = 8.4;
				MTL_ENABLE_DEBUG_INFO = YES;
				ONLY_ACTIVE_ARCH = YES;
				SDKROOT = iphoneos;
				TARGETED_DEVICE_FAMILY = "1,2";
			};
			name = Debug;
		};
		EF16715B1BF3AC0A00E38E86 /* Release */ = {
			isa = XCBuildConfiguration;
			buildSettings = {
				ALWAYS_SEARCH_USER_PATHS = NO;
				CLANG_CXX_LANGUAGE_STANDARD = "gnu++0x";
				CLANG_CXX_LIBRARY = "libc++";
				CLANG_ENABLE_MODULES = YES;
				CLANG_ENABLE_OBJC_ARC = YES;
				CLANG_WARN_BOOL_CONVERSION = YES;
				CLANG_WARN_CONSTANT_CONVERSION = YES;
				CLANG_WARN_DIRECT_OBJC_ISA_USAGE = YES_ERROR;
				CLANG_WARN_EMPTY_BODY = YES;
				CLANG_WARN_ENUM_CONVERSION = YES;
				CLANG_WARN_INT_CONVERSION = YES;
				CLANG_WARN_OBJC_ROOT_CLASS = YES_ERROR;
				CLANG_WARN_UNREACHABLE_CODE = YES;
				CLANG_WARN__DUPLICATE_METHOD_MATCH = YES;
				"CODE_SIGN_IDENTITY[sdk=iphoneos*]" = "iPhone Developer";
				COPY_PHASE_STRIP = NO;
				DEBUG_INFORMATION_FORMAT = "dwarf-with-dsym";
				ENABLE_NS_ASSERTIONS = NO;
				ENABLE_STRICT_OBJC_MSGSEND = YES;
				GCC_C_LANGUAGE_STANDARD = gnu99;
				GCC_NO_COMMON_BLOCKS = YES;
				GCC_WARN_64_TO_32_BIT_CONVERSION = YES;
				GCC_WARN_ABOUT_RETURN_TYPE = YES_ERROR;
				GCC_WARN_UNDECLARED_SELECTOR = YES;
				GCC_WARN_UNINITIALIZED_AUTOS = YES_AGGRESSIVE;
				GCC_WARN_UNUSED_FUNCTION = YES;
				GCC_WARN_UNUSED_VARIABLE = YES;
				IPHONEOS_DEPLOYMENT_TARGET = 8.4;
				MTL_ENABLE_DEBUG_INFO = NO;
				SDKROOT = iphoneos;
				TARGETED_DEVICE_FAMILY = "1,2";
				VALIDATE_PRODUCT = YES;
			};
			name = Release;
		};
		EF16715D1BF3AC0A00E38E86 /* Debug */ = {
			isa = XCBuildConfiguration;
			buildSettings = {
				ASSETCATALOG_COMPILER_APPICON_NAME = AppIcon;
				CLANG_ENABLE_MODULES = YES;
				CODE_SIGN_IDENTITY = "iPhone Developer";
				DEFINES_MODULE = YES;
				EMBEDDED_CONTENT_CONTAINS_SWIFT = YES;
				INFOPLIST_FILE = "$(SRCROOT)/Snap/Supporting Files/Configuration/Info.plist";
				LD_RUNPATH_SEARCH_PATHS = "$(inherited) @executable_path/Frameworks";
				PRODUCT_BUNDLE_IDENTIFIER = com.justjoey.Snap;
				PRODUCT_NAME = "$(TARGET_NAME)";
				SWIFT_OBJC_BRIDGING_HEADER = "Snap/Supporting Files/Bridging/Snap-Bridging-Header.h";
				SWIFT_OPTIMIZATION_LEVEL = "-Onone";
			};
			name = Debug;
		};
		EF16715E1BF3AC0A00E38E86 /* Release */ = {
			isa = XCBuildConfiguration;
			buildSettings = {
				ASSETCATALOG_COMPILER_APPICON_NAME = AppIcon;
				CLANG_ENABLE_MODULES = YES;
				CODE_SIGN_IDENTITY = "iPhone Developer";
				DEFINES_MODULE = YES;
				EMBEDDED_CONTENT_CONTAINS_SWIFT = YES;
				INFOPLIST_FILE = "$(SRCROOT)/Snap/Supporting Files/Configuration/Info.plist";
				LD_RUNPATH_SEARCH_PATHS = "$(inherited) @executable_path/Frameworks";
				PRODUCT_BUNDLE_IDENTIFIER = com.justjoey.Snap;
				PRODUCT_NAME = "$(TARGET_NAME)";
				SWIFT_OBJC_BRIDGING_HEADER = "Snap/Supporting Files/Bridging/Snap-Bridging-Header.h";
			};
			name = Release;
		};
		EF1671601BF3AC0A00E38E86 /* Debug */ = {
			isa = XCBuildConfiguration;
			buildSettings = {
				BUNDLE_LOADER = "$(TEST_HOST)";
				CLANG_ENABLE_MODULES = YES;
				EMBEDDED_CONTENT_CONTAINS_SWIFT = YES;
				INFOPLIST_FILE = "SnapTests/Supporting Files/Info.plist";
				LD_RUNPATH_SEARCH_PATHS = "$(inherited) @executable_path/Frameworks @loader_path/Frameworks";
				PRODUCT_BUNDLE_IDENTIFIER = com.justjoey.SnapTests;
				PRODUCT_NAME = "$(TARGET_NAME)";
				SWIFT_OBJC_BRIDGING_HEADER = "SnapTests/Supporting Files/Snap-Tests-Bridging-Header.h";
				SWIFT_OPTIMIZATION_LEVEL = "-Onone";
				TEST_HOST = "$(BUILT_PRODUCTS_DIR)/Snap.app/Snap";
			};
			name = Debug;
		};
		EF1671611BF3AC0A00E38E86 /* Release */ = {
			isa = XCBuildConfiguration;
			buildSettings = {
				BUNDLE_LOADER = "$(TEST_HOST)";
				CLANG_ENABLE_MODULES = YES;
				EMBEDDED_CONTENT_CONTAINS_SWIFT = YES;
				INFOPLIST_FILE = "SnapTests/Supporting Files/Info.plist";
				LD_RUNPATH_SEARCH_PATHS = "$(inherited) @executable_path/Frameworks @loader_path/Frameworks";
				PRODUCT_BUNDLE_IDENTIFIER = com.justjoey.SnapTests;
				PRODUCT_NAME = "$(TARGET_NAME)";
				SWIFT_OBJC_BRIDGING_HEADER = "SnapTests/Supporting Files/Snap-Tests-Bridging-Header.h";
				TEST_HOST = "$(BUILT_PRODUCTS_DIR)/Snap.app/Snap";
			};
			name = Release;
		};
		EF1671631BF3AC0A00E38E86 /* Debug */ = {
			isa = XCBuildConfiguration;
			buildSettings = {
				CLANG_ENABLE_MODULES = YES;
				INFOPLIST_FILE = SnapUITests/Info.plist;
				LD_RUNPATH_SEARCH_PATHS = "$(inherited) @executable_path/Frameworks @loader_path/Frameworks";
				PRODUCT_BUNDLE_IDENTIFIER = com.justjoey.SnapUITests;
				PRODUCT_NAME = "$(TARGET_NAME)";
				SWIFT_OBJC_BRIDGING_HEADER = "Snap/Supporting Files/Bridging/Snap-Bridging-Header.h";
				SWIFT_OPTIMIZATION_LEVEL = "-Onone";
				TEST_TARGET_NAME = Snap;
				USES_XCTRUNNER = YES;
			};
			name = Debug;
		};
		EF1671641BF3AC0A00E38E86 /* Release */ = {
			isa = XCBuildConfiguration;
			buildSettings = {
				CLANG_ENABLE_MODULES = YES;
				INFOPLIST_FILE = SnapUITests/Info.plist;
				LD_RUNPATH_SEARCH_PATHS = "$(inherited) @executable_path/Frameworks @loader_path/Frameworks";
				PRODUCT_BUNDLE_IDENTIFIER = com.justjoey.SnapUITests;
				PRODUCT_NAME = "$(TARGET_NAME)";
				SWIFT_OBJC_BRIDGING_HEADER = "Snap/Supporting Files/Bridging/Snap-Bridging-Header.h";
				TEST_TARGET_NAME = Snap;
				USES_XCTRUNNER = YES;
			};
			name = Release;
		};
/* End XCBuildConfiguration section */

/* Begin XCConfigurationList section */
		EF16712A1BF3AC0900E38E86 /* Build configuration list for PBXProject "Snap" */ = {
			isa = XCConfigurationList;
			buildConfigurations = (
				EF16715A1BF3AC0A00E38E86 /* Debug */,
				EF16715B1BF3AC0A00E38E86 /* Release */,
			);
			defaultConfigurationIsVisible = 0;
			defaultConfigurationName = Release;
		};
		EF16715C1BF3AC0A00E38E86 /* Build configuration list for PBXNativeTarget "Snap" */ = {
			isa = XCConfigurationList;
			buildConfigurations = (
				EF16715D1BF3AC0A00E38E86 /* Debug */,
				EF16715E1BF3AC0A00E38E86 /* Release */,
			);
			defaultConfigurationIsVisible = 0;
			defaultConfigurationName = Release;
		};
		EF16715F1BF3AC0A00E38E86 /* Build configuration list for PBXNativeTarget "SnapTests" */ = {
			isa = XCConfigurationList;
			buildConfigurations = (
				EF1671601BF3AC0A00E38E86 /* Debug */,
				EF1671611BF3AC0A00E38E86 /* Release */,
			);
			defaultConfigurationIsVisible = 0;
			defaultConfigurationName = Release;
		};
		EF1671621BF3AC0A00E38E86 /* Build configuration list for PBXNativeTarget "SnapUITests" */ = {
			isa = XCConfigurationList;
			buildConfigurations = (
				EF1671631BF3AC0A00E38E86 /* Debug */,
				EF1671641BF3AC0A00E38E86 /* Release */,
			);
			defaultConfigurationIsVisible = 0;
			defaultConfigurationName = Release;
		};
/* End XCConfigurationList section */
	};
	rootObject = EF1671271BF3AC0900E38E86 /* Project object */;
}
