// !$*UTF8*$!
{
	archiveVersion = 1;
	classes = {
	};
	objectVersion = 46;
	objects = {

/* Begin PBXBuildFile section */
		8E4455863A89BB603854DE77 /* Pods.framework in Frameworks */ = {isa = PBXBuildFile; fileRef = 5AACD01601302F6EECB34D71 /* Pods.framework */; };
		EF1671711BF3AFA200E38E86 /* Assets.xcassets in Resources */ = {isa = PBXBuildFile; fileRef = EF1671671BF3AFA200E38E86 /* Assets.xcassets */; settings = {ASSET_TAGS = (); }; };
		EF1671721BF3AFA200E38E86 /* AppDelegate.m in Sources */ = {isa = PBXBuildFile; fileRef = EF16716C1BF3AFA200E38E86 /* AppDelegate.m */; settings = {ASSET_TAGS = (); }; };
		EF1671741BF3AFA200E38E86 /* main.m in Sources */ = {isa = PBXBuildFile; fileRef = EF1671701BF3AFA200E38E86 /* main.m */; settings = {ASSET_TAGS = (); }; };
		EF1671821BF3C13400E38E86 /* suited_card_layouts.txt in Resources */ = {isa = PBXBuildFile; fileRef = EF1671811BF3C13400E38E86 /* suited_card_layouts.txt */; settings = {ASSET_TAGS = (); }; };
		EF1671831BF3C13400E38E86 /* suited_card_layouts.txt in Resources */ = {isa = PBXBuildFile; fileRef = EF1671811BF3C13400E38E86 /* suited_card_layouts.txt */; settings = {ASSET_TAGS = (); }; };
		EF1671941BF3CD7500E38E86 /* DeckTests.swift in Sources */ = {isa = PBXBuildFile; fileRef = EF1671931BF3CD7500E38E86 /* DeckTests.swift */; settings = {ASSET_TAGS = (); }; };
		EF1671A81BF3DAFD00E38E86 /* BaseView.swift in Sources */ = {isa = PBXBuildFile; fileRef = EF1671A61BF3DAFD00E38E86 /* BaseView.swift */; settings = {ASSET_TAGS = (); }; };
		EF1671A91BF3DAFD00E38E86 /* BaseViewController.swift in Sources */ = {isa = PBXBuildFile; fileRef = EF1671A71BF3DAFD00E38E86 /* BaseViewController.swift */; settings = {ASSET_TAGS = (); }; };
		EF1671AC1BF3DF6B00E38E86 /* GameViewController.swift in Sources */ = {isa = PBXBuildFile; fileRef = EF1671AB1BF3DF6B00E38E86 /* GameViewController.swift */; settings = {ASSET_TAGS = (); }; };
		EF1671BE1BF3F6C500E38E86 /* SuitedCard.m in Sources */ = {isa = PBXBuildFile; fileRef = EF1671BD1BF3F6C500E38E86 /* SuitedCard.m */; settings = {ASSET_TAGS = (); }; };
		EF1671CA1BF3FB2C00E38E86 /* BoardView.swift in Sources */ = {isa = PBXBuildFile; fileRef = EF1671C91BF3FB2C00E38E86 /* BoardView.swift */; settings = {ASSET_TAGS = (); }; };
		EF1671D01BF409DB00E38E86 /* BaseView.swift in Sources */ = {isa = PBXBuildFile; fileRef = EF1671A61BF3DAFD00E38E86 /* BaseView.swift */; settings = {ASSET_TAGS = (); }; };
		EF21DAA11BF9810500A53FA7 /* CardFaceView.swift in Sources */ = {isa = PBXBuildFile; fileRef = EF21DAA01BF9810500A53FA7 /* CardFaceView.swift */; settings = {ASSET_TAGS = (); }; };
		EF21DAA21BF9824B00A53FA7 /* CardFaceView.swift in Sources */ = {isa = PBXBuildFile; fileRef = EF21DAA01BF9810500A53FA7 /* CardFaceView.swift */; settings = {ASSET_TAGS = (); }; };
		EF62BDDC1BF9566300E12B6D /* Stack.m in Sources */ = {isa = PBXBuildFile; fileRef = EF62BDDB1BF9566300E12B6D /* Stack.m */; settings = {ASSET_TAGS = (); }; };
		EF62BDE41BF9626400E12B6D /* DeckGeneratorTests.swift in Sources */ = {isa = PBXBuildFile; fileRef = EF62BDE31BF9626400E12B6D /* DeckGeneratorTests.swift */; settings = {ASSET_TAGS = (); }; };
		EF62BDEB1BF9654000E12B6D /* Deck.m in Sources */ = {isa = PBXBuildFile; fileRef = EF62BDE71BF9654000E12B6D /* Deck.m */; settings = {ASSET_TAGS = (); }; };
		EF62BDEC1BF9654000E12B6D /* DeckGenerator.m in Sources */ = {isa = PBXBuildFile; fileRef = EF62BDEA1BF9654000E12B6D /* DeckGenerator.m */; settings = {ASSET_TAGS = (); }; };
		EF62BDF21BF9664300E12B6D /* CardView.swift in Sources */ = {isa = PBXBuildFile; fileRef = EF62BDF11BF9664300E12B6D /* CardView.swift */; settings = {ASSET_TAGS = (); }; };
		EF62BDF31BF96AC400E12B6D /* CardView.swift in Sources */ = {isa = PBXBuildFile; fileRef = EF62BDF11BF9664300E12B6D /* CardView.swift */; settings = {ASSET_TAGS = (); }; };
		EF69F98B1BF987A100699105 /* Player.m in Sources */ = {isa = PBXBuildFile; fileRef = EF69F98A1BF987A100699105 /* Player.m */; settings = {ASSET_TAGS = (); }; };
		EF69F9941BF9D7E400699105 /* Seat.m in Sources */ = {isa = PBXBuildFile; fileRef = EF69F9931BF9D7E400699105 /* Seat.m */; settings = {ASSET_TAGS = (); }; };
		EF69F9971BF9D7F900699105 /* Table.m in Sources */ = {isa = PBXBuildFile; fileRef = EF69F9961BF9D7F900699105 /* Table.m */; settings = {ASSET_TAGS = (); }; };
		EF69F9991BF9DEAD00699105 /* TableTests.swift in Sources */ = {isa = PBXBuildFile; fileRef = EF69F9981BF9DEAD00699105 /* TableTests.swift */; settings = {ASSET_TAGS = (); }; };
		EFC6F2F01BFA2753005E5D57 /* PlayerInformationView.swift in Sources */ = {isa = PBXBuildFile; fileRef = EFC6F2EF1BFA2753005E5D57 /* PlayerInformationView.swift */; settings = {ASSET_TAGS = (); }; };
		EFE304771BF5173D006E39A0 /* UIFont+Scaling.m in Sources */ = {isa = PBXBuildFile; fileRef = EFE304761BF5173D006E39A0 /* UIFont+Scaling.m */; settings = {ASSET_TAGS = (); }; };
		EFE3047B1BF5176B006E39A0 /* NSString+Whitespace.m in Sources */ = {isa = PBXBuildFile; fileRef = EFE3047A1BF5176B006E39A0 /* NSString+Whitespace.m */; settings = {ASSET_TAGS = (); }; };
		EFE3048A1BF5245F006E39A0 /* SuitedCardFrontView.swift in Sources */ = {isa = PBXBuildFile; fileRef = EFE304891BF5245F006E39A0 /* SuitedCardFrontView.swift */; settings = {ASSET_TAGS = (); }; };
		EFE3048D1BF52795006E39A0 /* SuitedCardFrontView.swift in Sources */ = {isa = PBXBuildFile; fileRef = EFE304891BF5245F006E39A0 /* SuitedCardFrontView.swift */; settings = {ASSET_TAGS = (); }; };
		EFE304901BF52813006E39A0 /* SuitedCardBackView.swift in Sources */ = {isa = PBXBuildFile; fileRef = EFE3048F1BF52813006E39A0 /* SuitedCardBackView.swift */; settings = {ASSET_TAGS = (); }; };
		EFE304911BF52813006E39A0 /* SuitedCardBackView.swift in Sources */ = {isa = PBXBuildFile; fileRef = EFE3048F1BF52813006E39A0 /* SuitedCardBackView.swift */; settings = {ASSET_TAGS = (); }; };
		EFE304931BF5284F006E39A0 /* SuitedCardTests.swift in Sources */ = {isa = PBXBuildFile; fileRef = EFE304921BF5284F006E39A0 /* SuitedCardTests.swift */; settings = {ASSET_TAGS = (); }; };
		EFE304951BF574D1006E39A0 /* Constants.swift in Sources */ = {isa = PBXBuildFile; fileRef = EFE304941BF574D1006E39A0 /* Constants.swift */; settings = {ASSET_TAGS = (); }; };
		EFE304961BF57CD8006E39A0 /* Constants.swift in Sources */ = {isa = PBXBuildFile; fileRef = EFE304941BF574D1006E39A0 /* Constants.swift */; settings = {ASSET_TAGS = (); }; };
		EFE3049D1BF58302006E39A0 /* StackTests.swift in Sources */ = {isa = PBXBuildFile; fileRef = EFE3049C1BF58302006E39A0 /* StackTests.swift */; settings = {ASSET_TAGS = (); }; };
		EFF5B1AC1BF49C7E00523B09 /* SuitedCardViewDecorator.m in Sources */ = {isa = PBXBuildFile; fileRef = EFF5B1AB1BF49C7E00523B09 /* SuitedCardViewDecorator.m */; settings = {ASSET_TAGS = (); }; };
		EFF5B1AF1BF49FEA00523B09 /* SuitedCardCollectionViewCell.swift in Sources */ = {isa = PBXBuildFile; fileRef = EFF5B1AE1BF49FEA00523B09 /* SuitedCardCollectionViewCell.swift */; settings = {ASSET_TAGS = (); }; };
		EFF5B1B31BF4A6CF00523B09 /* SuitedLayoutParser.m in Sources */ = {isa = PBXBuildFile; fileRef = EFF5B1B21BF4A6CF00523B09 /* SuitedLayoutParser.m */; settings = {ASSET_TAGS = (); }; };
		EFF5B1BB1BF4BD2D00523B09 /* SuitedLayoutParserTests.swift in Sources */ = {isa = PBXBuildFile; fileRef = EFF5B1BA1BF4BD2D00523B09 /* SuitedLayoutParserTests.swift */; settings = {ASSET_TAGS = (); }; };
		EFF5B1C51BF4BF7000523B09 /* suited_card_layouts_not_enough_chars.txt in Resources */ = {isa = PBXBuildFile; fileRef = EFF5B1C11BF4BF7000523B09 /* suited_card_layouts_not_enough_chars.txt */; settings = {ASSET_TAGS = (); }; };
		EFF5B1C71BF4BF7000523B09 /* suited_card_layouts_too_many_chars.txt in Resources */ = {isa = PBXBuildFile; fileRef = EFF5B1C31BF4BF7000523B09 /* suited_card_layouts_too_many_chars.txt */; settings = {ASSET_TAGS = (); }; };
/* End PBXBuildFile section */

/* Begin PBXContainerItemProxy section */
		EF1671491BF3AC0A00E38E86 /* PBXContainerItemProxy */ = {
			isa = PBXContainerItemProxy;
			containerPortal = EF1671271BF3AC0900E38E86 /* Project object */;
			proxyType = 1;
			remoteGlobalIDString = EF16712E1BF3AC0900E38E86;
			remoteInfo = Snap;
		};
/* End PBXContainerItemProxy section */

/* Begin PBXFileReference section */
		5AACD01601302F6EECB34D71 /* Pods.framework */ = {isa = PBXFileReference; explicitFileType = wrapper.framework; includeInIndex = 0; path = Pods.framework; sourceTree = BUILT_PRODUCTS_DIR; };
		6D68F8B00B4D156FAC025D67 /* Pods.debug.xcconfig */ = {isa = PBXFileReference; includeInIndex = 1; lastKnownFileType = text.xcconfig; name = Pods.debug.xcconfig; path = "Pods/Target Support Files/Pods/Pods.debug.xcconfig"; sourceTree = "<group>"; };
		BEF8682C06943BA3E20924AA /* Pods.release.xcconfig */ = {isa = PBXFileReference; includeInIndex = 1; lastKnownFileType = text.xcconfig; name = Pods.release.xcconfig; path = "Pods/Target Support Files/Pods/Pods.release.xcconfig"; sourceTree = "<group>"; };
		EF16712F1BF3AC0900E38E86 /* Snap.app */ = {isa = PBXFileReference; explicitFileType = wrapper.application; includeInIndex = 0; path = Snap.app; sourceTree = BUILT_PRODUCTS_DIR; };
		EF1671481BF3AC0A00E38E86 /* SnapTests.xctest */ = {isa = PBXFileReference; explicitFileType = wrapper.cfbundle; includeInIndex = 0; path = SnapTests.xctest; sourceTree = BUILT_PRODUCTS_DIR; };
		EF1671671BF3AFA200E38E86 /* Assets.xcassets */ = {isa = PBXFileReference; lastKnownFileType = folder.assetcatalog; path = Assets.xcassets; sourceTree = "<group>"; };
		EF16716B1BF3AFA200E38E86 /* AppDelegate.h */ = {isa = PBXFileReference; fileEncoding = 4; lastKnownFileType = sourcecode.c.h; path = AppDelegate.h; sourceTree = "<group>"; };
		EF16716C1BF3AFA200E38E86 /* AppDelegate.m */ = {isa = PBXFileReference; fileEncoding = 4; lastKnownFileType = sourcecode.c.objc; path = AppDelegate.m; sourceTree = "<group>"; };
		EF16716F1BF3AFA200E38E86 /* Info.plist */ = {isa = PBXFileReference; fileEncoding = 4; lastKnownFileType = text.plist.xml; path = Info.plist; sourceTree = "<group>"; };
		EF1671701BF3AFA200E38E86 /* main.m */ = {isa = PBXFileReference; fileEncoding = 4; lastKnownFileType = sourcecode.c.objc; path = main.m; sourceTree = "<group>"; };
		EF16717E1BF3B11400E38E86 /* Snap-Bridging-Header.h */ = {isa = PBXFileReference; fileEncoding = 4; lastKnownFileType = sourcecode.c.h; path = "Snap-Bridging-Header.h"; sourceTree = "<group>"; };
		EF1671811BF3C13400E38E86 /* suited_card_layouts.txt */ = {isa = PBXFileReference; fileEncoding = 4; lastKnownFileType = text; path = suited_card_layouts.txt; sourceTree = "<group>"; };
		EF16718E1BF3C2C000E38E86 /* Info.plist */ = {isa = PBXFileReference; fileEncoding = 4; lastKnownFileType = text.plist.xml; path = Info.plist; sourceTree = "<group>"; };
		EF1671901BF3C30F00E38E86 /* Snap-Tests-Bridging-Header.h */ = {isa = PBXFileReference; lastKnownFileType = sourcecode.c.h; path = "Snap-Tests-Bridging-Header.h"; sourceTree = "<group>"; };
		EF1671931BF3CD7500E38E86 /* DeckTests.swift */ = {isa = PBXFileReference; fileEncoding = 4; lastKnownFileType = sourcecode.swift; path = DeckTests.swift; sourceTree = "<group>"; };
		EF1671A61BF3DAFD00E38E86 /* BaseView.swift */ = {isa = PBXFileReference; fileEncoding = 4; lastKnownFileType = sourcecode.swift; path = BaseView.swift; sourceTree = "<group>"; };
		EF1671A71BF3DAFD00E38E86 /* BaseViewController.swift */ = {isa = PBXFileReference; fileEncoding = 4; lastKnownFileType = sourcecode.swift; path = BaseViewController.swift; sourceTree = "<group>"; };
		EF1671AB1BF3DF6B00E38E86 /* GameViewController.swift */ = {isa = PBXFileReference; fileEncoding = 4; lastKnownFileType = sourcecode.swift; path = GameViewController.swift; sourceTree = "<group>"; };
		EF1671BC1BF3F6C500E38E86 /* SuitedCard.h */ = {isa = PBXFileReference; fileEncoding = 4; lastKnownFileType = sourcecode.c.h; path = SuitedCard.h; sourceTree = "<group>"; };
		EF1671BD1BF3F6C500E38E86 /* SuitedCard.m */ = {isa = PBXFileReference; fileEncoding = 4; lastKnownFileType = sourcecode.c.objc; path = SuitedCard.m; sourceTree = "<group>"; };
		EF1671BF1BF3F6F100E38E86 /* Card.h */ = {isa = PBXFileReference; fileEncoding = 4; lastKnownFileType = sourcecode.c.h; path = Card.h; sourceTree = "<group>"; };
		EF1671C91BF3FB2C00E38E86 /* BoardView.swift */ = {isa = PBXFileReference; fileEncoding = 4; lastKnownFileType = sourcecode.swift; path = BoardView.swift; sourceTree = "<group>"; };
		EF21DAA01BF9810500A53FA7 /* CardFaceView.swift */ = {isa = PBXFileReference; fileEncoding = 4; lastKnownFileType = sourcecode.swift; path = CardFaceView.swift; sourceTree = "<group>"; };
		EF62BDDA1BF9566300E12B6D /* Stack.h */ = {isa = PBXFileReference; fileEncoding = 4; lastKnownFileType = sourcecode.c.h; path = Stack.h; sourceTree = "<group>"; };
		EF62BDDB1BF9566300E12B6D /* Stack.m */ = {isa = PBXFileReference; fileEncoding = 4; lastKnownFileType = sourcecode.c.objc; path = Stack.m; sourceTree = "<group>"; };
		EF62BDDD1BF9575500E12B6D /* Stack_Private.h */ = {isa = PBXFileReference; lastKnownFileType = sourcecode.c.h; path = Stack_Private.h; sourceTree = "<group>"; };
		EF62BDE31BF9626400E12B6D /* DeckGeneratorTests.swift */ = {isa = PBXFileReference; fileEncoding = 4; lastKnownFileType = sourcecode.swift; path = DeckGeneratorTests.swift; sourceTree = "<group>"; };
		EF62BDE61BF9654000E12B6D /* Deck.h */ = {isa = PBXFileReference; fileEncoding = 4; lastKnownFileType = sourcecode.c.h; path = Deck.h; sourceTree = "<group>"; };
		EF62BDE71BF9654000E12B6D /* Deck.m */ = {isa = PBXFileReference; fileEncoding = 4; lastKnownFileType = sourcecode.c.objc; path = Deck.m; sourceTree = "<group>"; };
		EF62BDE91BF9654000E12B6D /* DeckGenerator.h */ = {isa = PBXFileReference; fileEncoding = 4; lastKnownFileType = sourcecode.c.h; path = DeckGenerator.h; sourceTree = "<group>"; };
		EF62BDEA1BF9654000E12B6D /* DeckGenerator.m */ = {isa = PBXFileReference; fileEncoding = 4; lastKnownFileType = sourcecode.c.objc; path = DeckGenerator.m; sourceTree = "<group>"; };
		EF62BDF11BF9664300E12B6D /* CardView.swift */ = {isa = PBXFileReference; fileEncoding = 4; lastKnownFileType = sourcecode.swift; path = CardView.swift; sourceTree = "<group>"; };
		EF69F9891BF987A100699105 /* Player.h */ = {isa = PBXFileReference; fileEncoding = 4; lastKnownFileType = sourcecode.c.h; path = Player.h; sourceTree = "<group>"; };
		EF69F98A1BF987A100699105 /* Player.m */ = {isa = PBXFileReference; fileEncoding = 4; lastKnownFileType = sourcecode.c.objc; path = Player.m; sourceTree = "<group>"; };
		EF69F9921BF9D7E400699105 /* Seat.h */ = {isa = PBXFileReference; fileEncoding = 4; lastKnownFileType = sourcecode.c.h; path = Seat.h; sourceTree = "<group>"; };
		EF69F9931BF9D7E400699105 /* Seat.m */ = {isa = PBXFileReference; fileEncoding = 4; lastKnownFileType = sourcecode.c.objc; path = Seat.m; sourceTree = "<group>"; };
		EF69F9951BF9D7F900699105 /* Table.h */ = {isa = PBXFileReference; fileEncoding = 4; lastKnownFileType = sourcecode.c.h; path = Table.h; sourceTree = "<group>"; };
		EF69F9961BF9D7F900699105 /* Table.m */ = {isa = PBXFileReference; fileEncoding = 4; lastKnownFileType = sourcecode.c.objc; path = Table.m; sourceTree = "<group>"; };
		EF69F9981BF9DEAD00699105 /* TableTests.swift */ = {isa = PBXFileReference; fileEncoding = 4; lastKnownFileType = sourcecode.swift; path = TableTests.swift; sourceTree = "<group>"; };
		EFC6F2EF1BFA2753005E5D57 /* PlayerInformationView.swift */ = {isa = PBXFileReference; fileEncoding = 4; lastKnownFileType = sourcecode.swift; path = PlayerInformationView.swift; sourceTree = "<group>"; };
		EFE304751BF5173D006E39A0 /* UIFont+Scaling.h */ = {isa = PBXFileReference; fileEncoding = 4; lastKnownFileType = sourcecode.c.h; path = "UIFont+Scaling.h"; sourceTree = "<group>"; };
		EFE304761BF5173D006E39A0 /* UIFont+Scaling.m */ = {isa = PBXFileReference; fileEncoding = 4; lastKnownFileType = sourcecode.c.objc; path = "UIFont+Scaling.m"; sourceTree = "<group>"; };
		EFE304791BF5176B006E39A0 /* NSString+Whitespace.h */ = {isa = PBXFileReference; fileEncoding = 4; lastKnownFileType = sourcecode.c.h; path = "NSString+Whitespace.h"; sourceTree = "<group>"; };
		EFE3047A1BF5176B006E39A0 /* NSString+Whitespace.m */ = {isa = PBXFileReference; fileEncoding = 4; lastKnownFileType = sourcecode.c.objc; path = "NSString+Whitespace.m"; sourceTree = "<group>"; };
		EFE304871BF519C2006E39A0 /* SnapUITests copy-Info.plist */ = {isa = PBXFileReference; lastKnownFileType = text.plist.xml; name = "SnapUITests copy-Info.plist"; path = "/Users/joeyclover/Desktop/Lad Bible/iOS/SnapUITests copy-Info.plist"; sourceTree = "<absolute>"; };
		EFE304891BF5245F006E39A0 /* SuitedCardFrontView.swift */ = {isa = PBXFileReference; fileEncoding = 4; lastKnownFileType = sourcecode.swift; path = SuitedCardFrontView.swift; sourceTree = "<group>"; };
		EFE3048F1BF52813006E39A0 /* SuitedCardBackView.swift */ = {isa = PBXFileReference; fileEncoding = 4; lastKnownFileType = sourcecode.swift; path = SuitedCardBackView.swift; sourceTree = "<group>"; };
		EFE304921BF5284F006E39A0 /* SuitedCardTests.swift */ = {isa = PBXFileReference; fileEncoding = 4; lastKnownFileType = sourcecode.swift; path = SuitedCardTests.swift; sourceTree = "<group>"; };
		EFE304941BF574D1006E39A0 /* Constants.swift */ = {isa = PBXFileReference; fileEncoding = 4; lastKnownFileType = sourcecode.swift; path = Constants.swift; sourceTree = "<group>"; };
		EFE3049C1BF58302006E39A0 /* StackTests.swift */ = {isa = PBXFileReference; fileEncoding = 4; lastKnownFileType = sourcecode.swift; path = StackTests.swift; sourceTree = "<group>"; };
		EFF5B1AA1BF49C7E00523B09 /* SuitedCardViewDecorator.h */ = {isa = PBXFileReference; fileEncoding = 4; lastKnownFileType = sourcecode.c.h; path = SuitedCardViewDecorator.h; sourceTree = "<group>"; };
		EFF5B1AB1BF49C7E00523B09 /* SuitedCardViewDecorator.m */ = {isa = PBXFileReference; fileEncoding = 4; lastKnownFileType = sourcecode.c.objc; path = SuitedCardViewDecorator.m; sourceTree = "<group>"; };
		EFF5B1AE1BF49FEA00523B09 /* SuitedCardCollectionViewCell.swift */ = {isa = PBXFileReference; fileEncoding = 4; lastKnownFileType = sourcecode.swift; path = SuitedCardCollectionViewCell.swift; sourceTree = "<group>"; };
		EFF5B1B11BF4A6CF00523B09 /* SuitedLayoutParser.h */ = {isa = PBXFileReference; fileEncoding = 4; lastKnownFileType = sourcecode.c.h; path = SuitedLayoutParser.h; sourceTree = "<group>"; };
		EFF5B1B21BF4A6CF00523B09 /* SuitedLayoutParser.m */ = {isa = PBXFileReference; fileEncoding = 4; lastKnownFileType = sourcecode.c.objc; path = SuitedLayoutParser.m; sourceTree = "<group>"; };
		EFF5B1B61BF4B6BC00523B09 /* SuitedLayoutParser_Private.h */ = {isa = PBXFileReference; fileEncoding = 4; lastKnownFileType = sourcecode.c.h; path = SuitedLayoutParser_Private.h; sourceTree = "<group>"; };
		EFF5B1BA1BF4BD2D00523B09 /* SuitedLayoutParserTests.swift */ = {isa = PBXFileReference; fileEncoding = 4; lastKnownFileType = sourcecode.swift; path = SuitedLayoutParserTests.swift; sourceTree = "<group>"; };
		EFF5B1C11BF4BF7000523B09 /* suited_card_layouts_not_enough_chars.txt */ = {isa = PBXFileReference; fileEncoding = 4; lastKnownFileType = text; path = suited_card_layouts_not_enough_chars.txt; sourceTree = "<group>"; };
		EFF5B1C31BF4BF7000523B09 /* suited_card_layouts_too_many_chars.txt */ = {isa = PBXFileReference; fileEncoding = 4; lastKnownFileType = text; path = suited_card_layouts_too_many_chars.txt; sourceTree = "<group>"; };
/* End PBXFileReference section */

/* Begin PBXFrameworksBuildPhase section */
		EF16712C1BF3AC0900E38E86 /* Frameworks */ = {
			isa = PBXFrameworksBuildPhase;
			buildActionMask = 2147483647;
			files = (
				8E4455863A89BB603854DE77 /* Pods.framework in Frameworks */,
			);
			runOnlyForDeploymentPostprocessing = 0;
		};
		EF1671451BF3AC0A00E38E86 /* Frameworks */ = {
			isa = PBXFrameworksBuildPhase;
			buildActionMask = 2147483647;
			files = (
			);
			runOnlyForDeploymentPostprocessing = 0;
		};
/* End PBXFrameworksBuildPhase section */

/* Begin PBXGroup section */
		85E8BAE4BAE8531DC47A8958 /* Frameworks */ = {
			isa = PBXGroup;
			children = (
				5AACD01601302F6EECB34D71 /* Pods.framework */,
			);
			name = Frameworks;
			sourceTree = "<group>";
		};
		DAD5DCD3753727D98BD4FE27 /* Pods */ = {
			isa = PBXGroup;
			children = (
				6D68F8B00B4D156FAC025D67 /* Pods.debug.xcconfig */,
				BEF8682C06943BA3E20924AA /* Pods.release.xcconfig */,
			);
			name = Pods;
			sourceTree = "<group>";
		};
		EF1671261BF3AC0900E38E86 = {
			isa = PBXGroup;
			children = (
				EF1671311BF3AC0900E38E86 /* Snap */,
				EF16714B1BF3AC0A00E38E86 /* SnapTests */,
				EF1671301BF3AC0900E38E86 /* Products */,
				DAD5DCD3753727D98BD4FE27 /* Pods */,
				85E8BAE4BAE8531DC47A8958 /* Frameworks */,
				EFE304871BF519C2006E39A0 /* SnapUITests copy-Info.plist */,
			);
			sourceTree = "<group>";
		};
		EF1671301BF3AC0900E38E86 /* Products */ = {
			isa = PBXGroup;
			children = (
				EF16712F1BF3AC0900E38E86 /* Snap.app */,
				EF1671481BF3AC0A00E38E86 /* SnapTests.xctest */,
			);
			name = Products;
			sourceTree = "<group>";
		};
		EF1671311BF3AC0900E38E86 /* Snap */ = {
			isa = PBXGroup;
			children = (
				EF1671661BF3AFA200E38E86 /* Assets */,
				EF1671681BF3AFA200E38E86 /* Source */,
				EF16716D1BF3AFA200E38E86 /* Supporting Files */,
			);
			path = Snap;
			sourceTree = "<group>";
		};
		EF16714B1BF3AC0A00E38E86 /* SnapTests */ = {
			isa = PBXGroup;
			children = (
				EFF5B1B71BF4BC3A00523B09 /* Assets */,
				EF16718D1BF3C2C000E38E86 /* Supporting Files */,
				EF1671931BF3CD7500E38E86 /* DeckTests.swift */,
				EFF5B1BA1BF4BD2D00523B09 /* SuitedLayoutParserTests.swift */,
				EFE304921BF5284F006E39A0 /* SuitedCardTests.swift */,
				EFE3049C1BF58302006E39A0 /* StackTests.swift */,
				EF62BDE31BF9626400E12B6D /* DeckGeneratorTests.swift */,
				EF69F9981BF9DEAD00699105 /* TableTests.swift */,
			);
			path = SnapTests;
			sourceTree = "<group>";
		};
		EF1671661BF3AFA200E38E86 /* Assets */ = {
			isa = PBXGroup;
			children = (
				EF1671811BF3C13400E38E86 /* suited_card_layouts.txt */,
				EF1671671BF3AFA200E38E86 /* Assets.xcassets */,
			);
			path = Assets;
			sourceTree = "<group>";
		};
		EF1671681BF3AFA200E38E86 /* Source */ = {
			isa = PBXGroup;
			children = (
				EF1671691BF3AFA200E38E86 /* Core */,
				EF1671851BF3C21E00E38E86 /* Game */,
			);
			path = Source;
			sourceTree = "<group>";
		};
		EF1671691BF3AFA200E38E86 /* Core */ = {
			isa = PBXGroup;
			children = (
				EF16716A1BF3AFA200E38E86 /* App Delegate */,
				EF1671A51BF3DAE800E38E86 /* Base Classes */,
				EFE304701BF511AB006E39A0 /* Extensions */,
			);
			path = Core;
			sourceTree = "<group>";
		};
		EF16716A1BF3AFA200E38E86 /* App Delegate */ = {
			isa = PBXGroup;
			children = (
				EF16716B1BF3AFA200E38E86 /* AppDelegate.h */,
				EF16716C1BF3AFA200E38E86 /* AppDelegate.m */,
			);
			path = "App Delegate";
			sourceTree = "<group>";
		};
		EF16716D1BF3AFA200E38E86 /* Supporting Files */ = {
			isa = PBXGroup;
			children = (
				EF16717D1BF3B11400E38E86 /* Bridging */,
				EF16716E1BF3AFA200E38E86 /* Configuration */,
				EF1671701BF3AFA200E38E86 /* main.m */,
				EFE304941BF574D1006E39A0 /* Constants.swift */,
			);
			path = "Supporting Files";
			sourceTree = "<group>";
		};
		EF16716E1BF3AFA200E38E86 /* Configuration */ = {
			isa = PBXGroup;
			children = (
				EF16716F1BF3AFA200E38E86 /* Info.plist */,
			);
			path = Configuration;
			sourceTree = "<group>";
		};
		EF16717D1BF3B11400E38E86 /* Bridging */ = {
			isa = PBXGroup;
			children = (
				EF16717E1BF3B11400E38E86 /* Snap-Bridging-Header.h */,
			);
			path = Bridging;
			sourceTree = "<group>";
		};
		EF1671851BF3C21E00E38E86 /* Game */ = {
			isa = PBXGroup;
			children = (
				EF1671861BF3C21E00E38E86 /* Models */,
				EF16719F1BF3D7E500E38E86 /* Views */,
				EF1671AA1BF3DF6200E38E86 /* View Controllers */,
			);
			path = Game;
			sourceTree = "<group>";
		};
		EF1671861BF3C21E00E38E86 /* Models */ = {
			isa = PBXGroup;
			children = (
				EF69F9901BF9D7E400699105 /* Table */,
				EF62BDD71BF955EF00E12B6D /* Player */,
				EF62BDD91BF955EF00E12B6D /* Stack */,
				EF1671BA1BF3F6C500E38E86 /* Cards */,
			);
			path = Models;
			sourceTree = "<group>";
		};
		EF16718D1BF3C2C000E38E86 /* Supporting Files */ = {
			isa = PBXGroup;
			children = (
				EF16718E1BF3C2C000E38E86 /* Info.plist */,
				EF1671901BF3C30F00E38E86 /* Snap-Tests-Bridging-Header.h */,
			);
			path = "Supporting Files";
			sourceTree = "<group>";
		};
		EF16719F1BF3D7E500E38E86 /* Views */ = {
			isa = PBXGroup;
			children = (
				EF1671C81BF3FB0C00E38E86 /* Board */,
				EF1671C21BF3FA4500E38E86 /* Cards */,
			);
			path = Views;
			sourceTree = "<group>";
		};
		EF1671A51BF3DAE800E38E86 /* Base Classes */ = {
			isa = PBXGroup;
			children = (
				EF1671A61BF3DAFD00E38E86 /* BaseView.swift */,
				EF1671A71BF3DAFD00E38E86 /* BaseViewController.swift */,
			);
			path = "Base Classes";
			sourceTree = "<group>";
		};
		EF1671AA1BF3DF6200E38E86 /* View Controllers */ = {
			isa = PBXGroup;
			children = (
				EF1671AB1BF3DF6B00E38E86 /* GameViewController.swift */,
			);
			path = "View Controllers";
			sourceTree = "<group>";
		};
		EF1671BA1BF3F6C500E38E86 /* Cards */ = {
			isa = PBXGroup;
			children = (
				EF1671BB1BF3F6C500E38E86 /* Suited Card */,
				EF1671BF1BF3F6F100E38E86 /* Card.h */,
			);
			path = Cards;
			sourceTree = "<group>";
		};
		EF1671BB1BF3F6C500E38E86 /* Suited Card */ = {
			isa = PBXGroup;
			children = (
				EFF5B1A91BF49C6100523B09 /* Decorator */,
				EFF5B1B01BF4A6BC00523B09 /* Layout Parser */,
				EF1671BC1BF3F6C500E38E86 /* SuitedCard.h */,
				EF1671BD1BF3F6C500E38E86 /* SuitedCard.m */,
			);
			path = "Suited Card";
			sourceTree = "<group>";
		};
		EF1671C21BF3FA4500E38E86 /* Cards */ = {
			isa = PBXGroup;
			children = (
				EF1671C31BF3FA4500E38E86 /* Suited Card */,
				EF62BDF11BF9664300E12B6D /* CardView.swift */,
				EF21DAA01BF9810500A53FA7 /* CardFaceView.swift */,
			);
			path = Cards;
			sourceTree = "<group>";
		};
		EF1671C31BF3FA4500E38E86 /* Suited Card */ = {
			isa = PBXGroup;
			children = (
				EFE304881BF5244C006E39A0 /* Front View */,
				EFE3048E1BF52803006E39A0 /* Back View */,
				EFF5B1AD1BF49FC800523B09 /* Collection View Cells */,
			);
			path = "Suited Card";
			sourceTree = "<group>";
		};
		EF1671C81BF3FB0C00E38E86 /* Board */ = {
			isa = PBXGroup;
			children = (
				EFC6F2EE1BFA2753005E5D57 /* Information */,
				EF1671C91BF3FB2C00E38E86 /* BoardView.swift */,
			);
			path = Board;
			sourceTree = "<group>";
		};
		EF62BDD71BF955EF00E12B6D /* Player */ = {
			isa = PBXGroup;
			children = (
				EF69F9891BF987A100699105 /* Player.h */,
				EF69F98A1BF987A100699105 /* Player.m */,
			);
			path = Player;
			sourceTree = "<group>";
		};
		EF62BDD91BF955EF00E12B6D /* Stack */ = {
			isa = PBXGroup;
			children = (
				EF62BDE51BF9654000E12B6D /* Deck */,
				EF62BDDA1BF9566300E12B6D /* Stack.h */,
				EF62BDDB1BF9566300E12B6D /* Stack.m */,
				EF62BDDD1BF9575500E12B6D /* Stack_Private.h */,
			);
			path = Stack;
			sourceTree = "<group>";
		};
		EF62BDE51BF9654000E12B6D /* Deck */ = {
			isa = PBXGroup;
			children = (
				EF62BDE81BF9654000E12B6D /* Generator */,
				EF62BDE61BF9654000E12B6D /* Deck.h */,
				EF62BDE71BF9654000E12B6D /* Deck.m */,
			);
			path = Deck;
			sourceTree = "<group>";
		};
		EF62BDE81BF9654000E12B6D /* Generator */ = {
			isa = PBXGroup;
			children = (
				EF62BDE91BF9654000E12B6D /* DeckGenerator.h */,
				EF62BDEA1BF9654000E12B6D /* DeckGenerator.m */,
			);
			path = Generator;
			sourceTree = "<group>";
		};
		EF69F9901BF9D7E400699105 /* Table */ = {
			isa = PBXGroup;
			children = (
				EF69F9911BF9D7E400699105 /* Seat */,
				EF69F9951BF9D7F900699105 /* Table.h */,
				EF69F9961BF9D7F900699105 /* Table.m */,
			);
			path = Table;
			sourceTree = "<group>";
		};
		EF69F9911BF9D7E400699105 /* Seat */ = {
			isa = PBXGroup;
			children = (
				EF69F9921BF9D7E400699105 /* Seat.h */,
				EF69F9931BF9D7E400699105 /* Seat.m */,
			);
			path = Seat;
			sourceTree = "<group>";
		};
		EFC6F2EE1BFA2753005E5D57 /* Information */ = {
			isa = PBXGroup;
			children = (
				EFC6F2EF1BFA2753005E5D57 /* PlayerInformationView.swift */,
			);
			path = Information;
			sourceTree = "<group>";
		};
		EFE304701BF511AB006E39A0 /* Extensions */ = {
			isa = PBXGroup;
			children = (
				EFE304781BF5174C006E39A0 /* String */,
				EFE304741BF5173D006E39A0 /* Font */,
			);
			path = Extensions;
			sourceTree = "<group>";
		};
		EFE304741BF5173D006E39A0 /* Font */ = {
			isa = PBXGroup;
			children = (
				EFE304751BF5173D006E39A0 /* UIFont+Scaling.h */,
				EFE304761BF5173D006E39A0 /* UIFont+Scaling.m */,
			);
			path = Font;
			sourceTree = "<group>";
		};
		EFE304781BF5174C006E39A0 /* String */ = {
			isa = PBXGroup;
			children = (
				EFE304791BF5176B006E39A0 /* NSString+Whitespace.h */,
				EFE3047A1BF5176B006E39A0 /* NSString+Whitespace.m */,
			);
			path = String;
			sourceTree = "<group>";
		};
		EFE304881BF5244C006E39A0 /* Front View */ = {
			isa = PBXGroup;
			children = (
				EFE304891BF5245F006E39A0 /* SuitedCardFrontView.swift */,
			);
			path = "Front View";
			sourceTree = "<group>";
		};
		EFE3048E1BF52803006E39A0 /* Back View */ = {
			isa = PBXGroup;
			children = (
				EFE3048F1BF52813006E39A0 /* SuitedCardBackView.swift */,
			);
			path = "Back View";
			sourceTree = "<group>";
		};
		EFF5B1A91BF49C6100523B09 /* Decorator */ = {
			isa = PBXGroup;
			children = (
				EFF5B1AA1BF49C7E00523B09 /* SuitedCardViewDecorator.h */,
				EFF5B1AB1BF49C7E00523B09 /* SuitedCardViewDecorator.m */,
			);
			path = Decorator;
			sourceTree = "<group>";
		};
		EFF5B1AD1BF49FC800523B09 /* Collection View Cells */ = {
			isa = PBXGroup;
			children = (
				EFF5B1AE1BF49FEA00523B09 /* SuitedCardCollectionViewCell.swift */,
			);
			path = "Collection View Cells";
			sourceTree = "<group>";
		};
		EFF5B1B01BF4A6BC00523B09 /* Layout Parser */ = {
			isa = PBXGroup;
			children = (
				EFF5B1B61BF4B6BC00523B09 /* SuitedLayoutParser_Private.h */,
				EFF5B1B11BF4A6CF00523B09 /* SuitedLayoutParser.h */,
				EFF5B1B21BF4A6CF00523B09 /* SuitedLayoutParser.m */,
			);
			path = "Layout Parser";
			sourceTree = "<group>";
		};
		EFF5B1B71BF4BC3A00523B09 /* Assets */ = {
			isa = PBXGroup;
			children = (
				EFF5B1C11BF4BF7000523B09 /* suited_card_layouts_not_enough_chars.txt */,
				EFF5B1C31BF4BF7000523B09 /* suited_card_layouts_too_many_chars.txt */,
			);
			path = Assets;
			sourceTree = "<group>";
		};
/* End PBXGroup section */

/* Begin PBXNativeTarget section */
		EF16712E1BF3AC0900E38E86 /* Snap */ = {
			isa = PBXNativeTarget;
			buildConfigurationList = EF16715C1BF3AC0A00E38E86 /* Build configuration list for PBXNativeTarget "Snap" */;
			buildPhases = (
				56DF110715361B7E8E33A145 /* Check Pods Manifest.lock */,
				EF16712B1BF3AC0900E38E86 /* Sources */,
				EF16712C1BF3AC0900E38E86 /* Frameworks */,
				EF16712D1BF3AC0900E38E86 /* Resources */,
				C8AE31A44798978452996D13 /* Embed Pods Frameworks */,
				2111A378980D14B423AAC746 /* Copy Pods Resources */,
			);
			buildRules = (
			);
			dependencies = (
			);
			name = Snap;
			productName = Snap;
			productReference = EF16712F1BF3AC0900E38E86 /* Snap.app */;
			productType = "com.apple.product-type.application";
		};
		EF1671471BF3AC0A00E38E86 /* SnapTests */ = {
			isa = PBXNativeTarget;
			buildConfigurationList = EF16715F1BF3AC0A00E38E86 /* Build configuration list for PBXNativeTarget "SnapTests" */;
			buildPhases = (
				EF1671441BF3AC0A00E38E86 /* Sources */,
				EF1671451BF3AC0A00E38E86 /* Frameworks */,
				EF1671461BF3AC0A00E38E86 /* Resources */,
			);
			buildRules = (
			);
			dependencies = (
				EF16714A1BF3AC0A00E38E86 /* PBXTargetDependency */,
			);
			name = SnapTests;
			productName = SnapTests;
			productReference = EF1671481BF3AC0A00E38E86 /* SnapTests.xctest */;
			productType = "com.apple.product-type.bundle.unit-test";
		};
/* End PBXNativeTarget section */

/* Begin PBXProject section */
		EF1671271BF3AC0900E38E86 /* Project object */ = {
			isa = PBXProject;
			attributes = {
				LastSwiftUpdateCheck = 0700;
				LastUpgradeCheck = 0700;
				ORGANIZATIONNAME = "Just Joey";
				TargetAttributes = {
					EF16712E1BF3AC0900E38E86 = {
						CreatedOnToolsVersion = 7.0.1;
					};
					EF1671471BF3AC0A00E38E86 = {
						CreatedOnToolsVersion = 7.0.1;
						TestTargetID = EF16712E1BF3AC0900E38E86;
					};
				};
			};
			buildConfigurationList = EF16712A1BF3AC0900E38E86 /* Build configuration list for PBXProject "Snap" */;
			compatibilityVersion = "Xcode 3.2";
			developmentRegion = English;
			hasScannedForEncodings = 0;
			knownRegions = (
				en,
				Base,
			);
			mainGroup = EF1671261BF3AC0900E38E86;
			productRefGroup = EF1671301BF3AC0900E38E86 /* Products */;
			projectDirPath = "";
			projectRoot = "";
			targets = (
				EF16712E1BF3AC0900E38E86 /* Snap */,
				EF1671471BF3AC0A00E38E86 /* SnapTests */,
			);
		};
/* End PBXProject section */

/* Begin PBXResourcesBuildPhase section */
		EF16712D1BF3AC0900E38E86 /* Resources */ = {
			isa = PBXResourcesBuildPhase;
			buildActionMask = 2147483647;
			files = (
				EF1671821BF3C13400E38E86 /* suited_card_layouts.txt in Resources */,
				EF1671711BF3AFA200E38E86 /* Assets.xcassets in Resources */,
			);
			runOnlyForDeploymentPostprocessing = 0;
		};
		EF1671461BF3AC0A00E38E86 /* Resources */ = {
			isa = PBXResourcesBuildPhase;
			buildActionMask = 2147483647;
			files = (
				EFF5B1C51BF4BF7000523B09 /* suited_card_layouts_not_enough_chars.txt in Resources */,
				EF1671831BF3C13400E38E86 /* suited_card_layouts.txt in Resources */,
				EFF5B1C71BF4BF7000523B09 /* suited_card_layouts_too_many_chars.txt in Resources */,
			);
			runOnlyForDeploymentPostprocessing = 0;
		};
/* End PBXResourcesBuildPhase section */

/* Begin PBXShellScriptBuildPhase section */
		2111A378980D14B423AAC746 /* Copy Pods Resources */ = {
			isa = PBXShellScriptBuildPhase;
			buildActionMask = 2147483647;
			files = (
			);
			inputPaths = (
			);
			name = "Copy Pods Resources";
			outputPaths = (
			);
			runOnlyForDeploymentPostprocessing = 0;
			shellPath = /bin/sh;
			shellScript = "\"${SRCROOT}/Pods/Target Support Files/Pods/Pods-resources.sh\"\n";
			showEnvVarsInLog = 0;
		};
		56DF110715361B7E8E33A145 /* Check Pods Manifest.lock */ = {
			isa = PBXShellScriptBuildPhase;
			buildActionMask = 2147483647;
			files = (
			);
			inputPaths = (
			);
			name = "Check Pods Manifest.lock";
			outputPaths = (
			);
			runOnlyForDeploymentPostprocessing = 0;
			shellPath = /bin/sh;
			shellScript = "diff \"${PODS_ROOT}/../Podfile.lock\" \"${PODS_ROOT}/Manifest.lock\" > /dev/null\nif [[ $? != 0 ]] ; then\n    cat << EOM\nerror: The sandbox is not in sync with the Podfile.lock. Run 'pod install' or update your CocoaPods installation.\nEOM\n    exit 1\nfi\n";
			showEnvVarsInLog = 0;
		};
		C8AE31A44798978452996D13 /* Embed Pods Frameworks */ = {
			isa = PBXShellScriptBuildPhase;
			buildActionMask = 2147483647;
			files = (
			);
			inputPaths = (
			);
			name = "Embed Pods Frameworks";
			outputPaths = (
			);
			runOnlyForDeploymentPostprocessing = 0;
			shellPath = /bin/sh;
			shellScript = "\"${SRCROOT}/Pods/Target Support Files/Pods/Pods-frameworks.sh\"\n";
			showEnvVarsInLog = 0;
		};
/* End PBXShellScriptBuildPhase section */

/* Begin PBXSourcesBuildPhase section */
		EF16712B1BF3AC0900E38E86 /* Sources */ = {
			isa = PBXSourcesBuildPhase;
			buildActionMask = 2147483647;
			files = (
				EF62BDEB1BF9654000E12B6D /* Deck.m in Sources */,
				EF62BDDC1BF9566300E12B6D /* Stack.m in Sources */,
				EFF5B1AC1BF49C7E00523B09 /* SuitedCardViewDecorator.m in Sources */,
				EFE304951BF574D1006E39A0 /* Constants.swift in Sources */,
				EFE304901BF52813006E39A0 /* SuitedCardBackView.swift in Sources */,
				EF1671741BF3AFA200E38E86 /* main.m in Sources */,
				EF62BDF21BF9664300E12B6D /* CardView.swift in Sources */,
				EFC6F2F01BFA2753005E5D57 /* PlayerInformationView.swift in Sources */,
				EFF5B1B31BF4A6CF00523B09 /* SuitedLayoutParser.m in Sources */,
				EFE3048A1BF5245F006E39A0 /* SuitedCardFrontView.swift in Sources */,
				EF1671721BF3AFA200E38E86 /* AppDelegate.m in Sources */,
				EF1671AC1BF3DF6B00E38E86 /* GameViewController.swift in Sources */,
				EF1671A81BF3DAFD00E38E86 /* BaseView.swift in Sources */,
				EFE3047B1BF5176B006E39A0 /* NSString+Whitespace.m in Sources */,
				EFE304771BF5173D006E39A0 /* UIFont+Scaling.m in Sources */,
				EFF5B1AF1BF49FEA00523B09 /* SuitedCardCollectionViewCell.swift in Sources */,
				EF1671CA1BF3FB2C00E38E86 /* BoardView.swift in Sources */,
				EF21DAA11BF9810500A53FA7 /* CardFaceView.swift in Sources */,
				EF62BDEC1BF9654000E12B6D /* DeckGenerator.m in Sources */,
				EF69F9971BF9D7F900699105 /* Table.m in Sources */,
				EF1671A91BF3DAFD00E38E86 /* BaseViewController.swift in Sources */,
				EF69F98B1BF987A100699105 /* Player.m in Sources */,
				EF1671BE1BF3F6C500E38E86 /* SuitedCard.m in Sources */,
				EF69F9941BF9D7E400699105 /* Seat.m in Sources */,
			);
			runOnlyForDeploymentPostprocessing = 0;
		};
		EF1671441BF3AC0A00E38E86 /* Sources */ = {
			isa = PBXSourcesBuildPhase;
			buildActionMask = 2147483647;
			files = (
				EFE3049D1BF58302006E39A0 /* StackTests.swift in Sources */,
				EFE3048D1BF52795006E39A0 /* SuitedCardFrontView.swift in Sources */,
				EF69F9991BF9DEAD00699105 /* TableTests.swift in Sources */,
				EFE304911BF52813006E39A0 /* SuitedCardBackView.swift in Sources */,
				EFE304931BF5284F006E39A0 /* SuitedCardTests.swift in Sources */,
				EF21DAA21BF9824B00A53FA7 /* CardFaceView.swift in Sources */,
				EF1671941BF3CD7500E38E86 /* DeckTests.swift in Sources */,
				EFE304961BF57CD8006E39A0 /* Constants.swift in Sources */,
				EFF5B1BB1BF4BD2D00523B09 /* SuitedLayoutParserTests.swift in Sources */,
				EF1671D01BF409DB00E38E86 /* BaseView.swift in Sources */,
				EF62BDE41BF9626400E12B6D /* DeckGeneratorTests.swift in Sources */,
				EF62BDF31BF96AC400E12B6D /* CardView.swift in Sources */,
			);
			runOnlyForDeploymentPostprocessing = 0;
		};
/* End PBXSourcesBuildPhase section */

/* Begin PBXTargetDependency section */
		EF16714A1BF3AC0A00E38E86 /* PBXTargetDependency */ = {
			isa = PBXTargetDependency;
			target = EF16712E1BF3AC0900E38E86 /* Snap */;
			targetProxy = EF1671491BF3AC0A00E38E86 /* PBXContainerItemProxy */;
		};
/* End PBXTargetDependency section */

/* Begin XCBuildConfiguration section */
		EF16715A1BF3AC0A00E38E86 /* Debug */ = {
			isa = XCBuildConfiguration;
			buildSettings = {
				ALWAYS_SEARCH_USER_PATHS = NO;
				CLANG_CXX_LANGUAGE_STANDARD = "gnu++0x";
				CLANG_CXX_LIBRARY = "libc++";
				CLANG_ENABLE_MODULES = YES;
				CLANG_ENABLE_OBJC_ARC = YES;
				CLANG_WARN_BOOL_CONVERSION = YES;
				CLANG_WARN_CONSTANT_CONVERSION = YES;
				CLANG_WARN_DIRECT_OBJC_ISA_USAGE = YES_ERROR;
				CLANG_WARN_EMPTY_BODY = YES;
				CLANG_WARN_ENUM_CONVERSION = YES;
				CLANG_WARN_INT_CONVERSION = YES;
				CLANG_WARN_OBJC_ROOT_CLASS = YES_ERROR;
				CLANG_WARN_UNREACHABLE_CODE = YES;
				CLANG_WARN__DUPLICATE_METHOD_MATCH = YES;
				"CODE_SIGN_IDENTITY[sdk=iphoneos*]" = "iPhone Developer";
				COPY_PHASE_STRIP = NO;
				DEBUG_INFORMATION_FORMAT = dwarf;
				ENABLE_STRICT_OBJC_MSGSEND = YES;
				ENABLE_TESTABILITY = YES;
				GCC_C_LANGUAGE_STANDARD = gnu99;
				GCC_DYNAMIC_NO_PIC = NO;
				GCC_NO_COMMON_BLOCKS = YES;
				GCC_OPTIMIZATION_LEVEL = 0;
				GCC_PREPROCESSOR_DEFINITIONS = (
					"DEBUG=1",
					"$(inherited)",
				);
				GCC_WARN_64_TO_32_BIT_CONVERSION = YES;
				GCC_WARN_ABOUT_RETURN_TYPE = YES_ERROR;
				GCC_WARN_UNDECLARED_SELECTOR = YES;
				GCC_WARN_UNINITIALIZED_AUTOS = YES_AGGRESSIVE;
				GCC_WARN_UNUSED_FUNCTION = YES;
				GCC_WARN_UNUSED_VARIABLE = YES;
				IPHONEOS_DEPLOYMENT_TARGET = 8.4;
				MTL_ENABLE_DEBUG_INFO = YES;
				ONLY_ACTIVE_ARCH = YES;
				SDKROOT = iphoneos;
				TARGETED_DEVICE_FAMILY = "1,2";
			};
			name = Debug;
		};
		EF16715B1BF3AC0A00E38E86 /* Release */ = {
			isa = XCBuildConfiguration;
			buildSettings = {
				ALWAYS_SEARCH_USER_PATHS = NO;
				CLANG_CXX_LANGUAGE_STANDARD = "gnu++0x";
				CLANG_CXX_LIBRARY = "libc++";
				CLANG_ENABLE_MODULES = YES;
				CLANG_ENABLE_OBJC_ARC = YES;
				CLANG_WARN_BOOL_CONVERSION = YES;
				CLANG_WARN_CONSTANT_CONVERSION = YES;
				CLANG_WARN_DIRECT_OBJC_ISA_USAGE = YES_ERROR;
				CLANG_WARN_EMPTY_BODY = YES;
				CLANG_WARN_ENUM_CONVERSION = YES;
				CLANG_WARN_INT_CONVERSION = YES;
				CLANG_WARN_OBJC_ROOT_CLASS = YES_ERROR;
				CLANG_WARN_UNREACHABLE_CODE = YES;
				CLANG_WARN__DUPLICATE_METHOD_MATCH = YES;
				"CODE_SIGN_IDENTITY[sdk=iphoneos*]" = "iPhone Developer";
				COPY_PHASE_STRIP = NO;
				DEBUG_INFORMATION_FORMAT = "dwarf-with-dsym";
				ENABLE_NS_ASSERTIONS = NO;
				ENABLE_STRICT_OBJC_MSGSEND = YES;
				GCC_C_LANGUAGE_STANDARD = gnu99;
				GCC_NO_COMMON_BLOCKS = YES;
				GCC_WARN_64_TO_32_BIT_CONVERSION = YES;
				GCC_WARN_ABOUT_RETURN_TYPE = YES_ERROR;
				GCC_WARN_UNDECLARED_SELECTOR = YES;
				GCC_WARN_UNINITIALIZED_AUTOS = YES_AGGRESSIVE;
				GCC_WARN_UNUSED_FUNCTION = YES;
				GCC_WARN_UNUSED_VARIABLE = YES;
				IPHONEOS_DEPLOYMENT_TARGET = 8.4;
				MTL_ENABLE_DEBUG_INFO = NO;
				SDKROOT = iphoneos;
				TARGETED_DEVICE_FAMILY = "1,2";
				VALIDATE_PRODUCT = YES;
			};
			name = Release;
		};
		EF16715D1BF3AC0A00E38E86 /* Debug */ = {
			isa = XCBuildConfiguration;
			baseConfigurationReference = 6D68F8B00B4D156FAC025D67 /* Pods.debug.xcconfig */;
			buildSettings = {
				ASSETCATALOG_COMPILER_APPICON_NAME = AppIcon;
				CLANG_ENABLE_MODULES = YES;
				CODE_SIGN_IDENTITY = "iPhone Developer";
				DEFINES_MODULE = YES;
				EMBEDDED_CONTENT_CONTAINS_SWIFT = YES;
				INFOPLIST_FILE = "$(SRCROOT)/Snap/Supporting Files/Configuration/Info.plist";
				LD_RUNPATH_SEARCH_PATHS = "$(inherited) @executable_path/Frameworks";
				PRODUCT_BUNDLE_IDENTIFIER = com.justjoey.Snap;
				PRODUCT_NAME = "$(TARGET_NAME)";
				SWIFT_OBJC_BRIDGING_HEADER = "Snap/Supporting Files/Bridging/Snap-Bridging-Header.h";
				SWIFT_OPTIMIZATION_LEVEL = "-Onone";
			};
			name = Debug;
		};
		EF16715E1BF3AC0A00E38E86 /* Release */ = {
			isa = XCBuildConfiguration;
			baseConfigurationReference = BEF8682C06943BA3E20924AA /* Pods.release.xcconfig */;
			buildSettings = {
				ASSETCATALOG_COMPILER_APPICON_NAME = AppIcon;
				CLANG_ENABLE_MODULES = YES;
				CODE_SIGN_IDENTITY = "iPhone Developer";
				DEFINES_MODULE = YES;
				EMBEDDED_CONTENT_CONTAINS_SWIFT = YES;
				INFOPLIST_FILE = "$(SRCROOT)/Snap/Supporting Files/Configuration/Info.plist";
				LD_RUNPATH_SEARCH_PATHS = "$(inherited) @executable_path/Frameworks";
				PRODUCT_BUNDLE_IDENTIFIER = com.justjoey.Snap;
				PRODUCT_NAME = "$(TARGET_NAME)";
				SWIFT_OBJC_BRIDGING_HEADER = "Snap/Supporting Files/Bridging/Snap-Bridging-Header.h";
			};
			name = Release;
		};
		EF1671601BF3AC0A00E38E86 /* Debug */ = {
			isa = XCBuildConfiguration;
			buildSettings = {
				BUNDLE_LOADER = "$(TEST_HOST)";
				CLANG_ENABLE_MODULES = YES;
				EMBEDDED_CONTENT_CONTAINS_SWIFT = YES;
				INFOPLIST_FILE = "SnapTests/Supporting Files/Info.plist";
				LD_RUNPATH_SEARCH_PATHS = "$(inherited) @executable_path/Frameworks @loader_path/Frameworks";
				PRODUCT_BUNDLE_IDENTIFIER = com.justjoey.SnapTests;
				PRODUCT_NAME = "$(TARGET_NAME)";
				SWIFT_OBJC_BRIDGING_HEADER = "SnapTests/Supporting Files/Snap-Tests-Bridging-Header.h";
				SWIFT_OPTIMIZATION_LEVEL = "-Onone";
				TEST_HOST = "$(BUILT_PRODUCTS_DIR)/Snap.app/Snap";
			};
			name = Debug;
		};
		EF1671611BF3AC0A00E38E86 /* Release */ = {
			isa = XCBuildConfiguration;
			buildSettings = {
				BUNDLE_LOADER = "$(TEST_HOST)";
				CLANG_ENABLE_MODULES = YES;
				EMBEDDED_CONTENT_CONTAINS_SWIFT = YES;
				INFOPLIST_FILE = "SnapTests/Supporting Files/Info.plist";
				LD_RUNPATH_SEARCH_PATHS = "$(inherited) @executable_path/Frameworks @loader_path/Frameworks";
				PRODUCT_BUNDLE_IDENTIFIER = com.justjoey.SnapTests;
				PRODUCT_NAME = "$(TARGET_NAME)";
				SWIFT_OBJC_BRIDGING_HEADER = "SnapTests/Supporting Files/Snap-Tests-Bridging-Header.h";
				TEST_HOST = "$(BUILT_PRODUCTS_DIR)/Snap.app/Snap";
			};
			name = Release;
		};
/* End XCBuildConfiguration section */

/* Begin XCConfigurationList section */
		EF16712A1BF3AC0900E38E86 /* Build configuration list for PBXProject "Snap" */ = {
			isa = XCConfigurationList;
			buildConfigurations = (
				EF16715A1BF3AC0A00E38E86 /* Debug */,
				EF16715B1BF3AC0A00E38E86 /* Release */,
			);
			defaultConfigurationIsVisible = 0;
			defaultConfigurationName = Release;
		};
		EF16715C1BF3AC0A00E38E86 /* Build configuration list for PBXNativeTarget "Snap" */ = {
			isa = XCConfigurationList;
			buildConfigurations = (
				EF16715D1BF3AC0A00E38E86 /* Debug */,
				EF16715E1BF3AC0A00E38E86 /* Release */,
			);
			defaultConfigurationIsVisible = 0;
			defaultConfigurationName = Release;
		};
		EF16715F1BF3AC0A00E38E86 /* Build configuration list for PBXNativeTarget "SnapTests" */ = {
			isa = XCConfigurationList;
			buildConfigurations = (
				EF1671601BF3AC0A00E38E86 /* Debug */,
				EF1671611BF3AC0A00E38E86 /* Release */,
			);
			defaultConfigurationIsVisible = 0;
			defaultConfigurationName = Release;
		};
/* End XCConfigurationList section */
	};
	rootObject = EF1671271BF3AC0900E38E86 /* Project object */;
}
